
Microsoft Visual Studio Solution File, Format Version 12.00
# Visual Studio Version 16
VisualStudioVersion = 16.0.30413.136
MinimumVisualStudioVersion = 10.0.40219.1
Project("{9A19103F-16F7-4668-BE54-9A1E7A4F7556}") = "dotnet-case.API", "dotnet-case.API\dotnet-case.API.csproj", "{B73765FD-85A5-4A8D-B91C-AE738FDB4443}"
EndProject
Project("{9A19103F-16F7-4668-BE54-9A1E7A4F7556}") = "dotnet-case.DATA", "dotnet-case.DATA\dotnet-case.DATA.csproj", "{57C6D36F-F21B-433F-8A40-652EFDC8F199}"
EndProject
Project("{9A19103F-16F7-4668-BE54-9A1E7A4F7556}") = "dotnet-case.TEST", "dotnet-case.TEST\dotnet-case.TEST.csproj", "{0F4A9CDF-83E7-419A-949B-6D9BB5622D6F}"
EndProject
Project("{9A19103F-16F7-4668-BE54-9A1E7A4F7556}") = "dotnet-case.BL", "dotnet-case.BL\dotnet-case.BL.csproj", "{B702EC8D-8600-4034-AC81-406C5E041791}"
EndProject
Project("{FAE04EC0-301F-11D3-BF4B-00C04F79EFBC}") = "dotnet-case.DOMAIN", "dotnet-case.DOMAIN\dotnet-case.DOMAIN.csproj", "{FCC3F141-0DF5-4AF9-AAEB-7E761A72B103}"
EndProject
Global
	GlobalSection(SolutionConfigurationPlatforms) = preSolution
		Debug|Any CPU = Debug|Any CPU
		Release|Any CPU = Release|Any CPU
	EndGlobalSection
	GlobalSection(ProjectConfigurationPlatforms) = postSolution
		{B73765FD-85A5-4A8D-B91C-AE738FDB4443}.Debug|Any CPU.ActiveCfg = Debug|Any CPU
		{B73765FD-85A5-4A8D-B91C-AE738FDB4443}.Debug|Any CPU.Build.0 = Debug|Any CPU
		{B73765FD-85A5-4A8D-B91C-AE738FDB4443}.Release|Any CPU.ActiveCfg = Release|Any CPU
		{B73765FD-85A5-4A8D-B91C-AE738FDB4443}.Release|Any CPU.Build.0 = Release|Any CPU
		{57C6D36F-F21B-433F-8A40-652EFDC8F199}.Debug|Any CPU.ActiveCfg = Debug|Any CPU
		{57C6D36F-F21B-433F-8A40-652EFDC8F199}.Debug|Any CPU.Build.0 = Debug|Any CPU
		{57C6D36F-F21B-433F-8A40-652EFDC8F199}.Release|Any CPU.ActiveCfg = Release|Any CPU
		{57C6D36F-F21B-433F-8A40-652EFDC8F199}.Release|Any CPU.Build.0 = Release|Any CPU
		{0F4A9CDF-83E7-419A-949B-6D9BB5622D6F}.Debug|Any CPU.ActiveCfg = Debug|Any CPU
		{0F4A9CDF-83E7-419A-949B-6D9BB5622D6F}.Debug|Any CPU.Build.0 = Debug|Any CPU
		{0F4A9CDF-83E7-419A-949B-6D9BB5622D6F}.Release|Any CPU.ActiveCfg = Release|Any CPU
		{0F4A9CDF-83E7-419A-949B-6D9BB5622D6F}.Release|Any CPU.Build.0 = Release|Any CPU
		{B702EC8D-8600-4034-AC81-406C5E041791}.Debug|Any CPU.ActiveCfg = Debug|Any CPU
		{B702EC8D-8600-4034-AC81-406C5E041791}.Debug|Any CPU.Build.0 = Debug|Any CPU
		{B702EC8D-8600-4034-AC81-406C5E041791}.Release|Any CPU.ActiveCfg = Release|Any CPU
		{B702EC8D-8600-4034-AC81-406C5E041791}.Release|Any CPU.Build.0 = Release|Any CPU
		{FCC3F141-0DF5-4AF9-AAEB-7E761A72B103}.Debug|Any CPU.ActiveCfg = Debug|Any CPU
		{FCC3F141-0DF5-4AF9-AAEB-7E761A72B103}.Debug|Any CPU.Build.0 = Debug|Any CPU
		{FCC3F141-0DF5-4AF9-AAEB-7E761A72B103}.Release|Any CPU.ActiveCfg = Release|Any CPU
		{FCC3F141-0DF5-4AF9-AAEB-7E761A72B103}.Release|Any CPU.Build.0 = Release|Any CPU
	EndGlobalSection
	GlobalSection(SolutionProperties) = preSolution
		HideSolutionNode = FALSE
	EndGlobalSection
	GlobalSection(ExtensibilityGlobals) = postSolution
		SolutionGuid = {BD2C7F69-3440-4F9A-BA96-DBB319105412}
	EndGlobalSection
EndGlobal
